
Microsoft Visual Studio Solution File, Format Version 12.00
# Visual Studio Version 17
VisualStudioVersion = 17.2.32630.192
MinimumVisualStudioVersion = 10.0.40219.1
Project("{FAE04EC0-301F-11D3-BF4B-00C04F79EFBC}") = "Pharmacy.Entities", "ClassLibrary1\Pharmacy.Entities.csproj", "{E426FAC8-F8D5-490D-9B69-0A6B412E8853}"
EndProject
Project("{FAE04EC0-301F-11D3-BF4B-00C04F79EFBC}") = "Pharmacy.Datalayer", "Pharmacy.Datalayer\Pharmacy.Datalayer.csproj", "{9558ED43-3915-4392-B4BA-24F2ACAF146F}"
EndProject
Project("{FAE04EC0-301F-11D3-BF4B-00C04F79EFBC}") = "Pharmacy.BusinessLayer", "Pharmacy.BusinessLayer\Pharmacy.BusinessLayer.csproj", "{E000BF52-2C64-4004-B3EE-58052E6A4043}"
EndProject
Project("{FAE04EC0-301F-11D3-BF4B-00C04F79EFBC}") = "Pharma.UI", "Pharma.UI\Pharma.UI.csproj", "{96E9D916-4AF2-4E83-8D9A-990FF1EDCA67}"
EndProject
Global
	GlobalSection(SolutionConfigurationPlatforms) = preSolution
		Debug|Any CPU = Debug|Any CPU
		Release|Any CPU = Release|Any CPU
	EndGlobalSection
	GlobalSection(ProjectConfigurationPlatforms) = postSolution
		{E426FAC8-F8D5-490D-9B69-0A6B412E8853}.Debug|Any CPU.ActiveCfg = Debug|Any CPU
		{E426FAC8-F8D5-490D-9B69-0A6B412E8853}.Debug|Any CPU.Build.0 = Debug|Any CPU
		{E426FAC8-F8D5-490D-9B69-0A6B412E8853}.Release|Any CPU.ActiveCfg = Release|Any CPU
		{E426FAC8-F8D5-490D-9B69-0A6B412E8853}.Release|Any CPU.Build.0 = Release|Any CPU
		{9558ED43-3915-4392-B4BA-24F2ACAF146F}.Debug|Any CPU.ActiveCfg = Debug|Any CPU
		{9558ED43-3915-4392-B4BA-24F2ACAF146F}.Debug|Any CPU.Build.0 = Debug|Any CPU
		{9558ED43-3915-4392-B4BA-24F2ACAF146F}.Release|Any CPU.ActiveCfg = Release|Any CPU
		{9558ED43-3915-4392-B4BA-24F2ACAF146F}.Release|Any CPU.Build.0 = Release|Any CPU
		{E000BF52-2C64-4004-B3EE-58052E6A4043}.Debug|Any CPU.ActiveCfg = Debug|Any CPU
		{E000BF52-2C64-4004-B3EE-58052E6A4043}.Debug|Any CPU.Build.0 = Debug|Any CPU
		{E000BF52-2C64-4004-B3EE-58052E6A4043}.Release|Any CPU.ActiveCfg = Release|Any CPU
		{E000BF52-2C64-4004-B3EE-58052E6A4043}.Release|Any CPU.Build.0 = Release|Any CPU
		{96E9D916-4AF2-4E83-8D9A-990FF1EDCA67}.Debug|Any CPU.ActiveCfg = Debug|Any CPU
		{96E9D916-4AF2-4E83-8D9A-990FF1EDCA67}.Debug|Any CPU.Build.0 = Debug|Any CPU
		{96E9D916-4AF2-4E83-8D9A-990FF1EDCA67}.Release|Any CPU.ActiveCfg = Release|Any CPU
		{96E9D916-4AF2-4E83-8D9A-990FF1EDCA67}.Release|Any CPU.Build.0 = Release|Any CPU
	EndGlobalSection
	GlobalSection(SolutionProperties) = preSolution
		HideSolutionNode = FALSE
	EndGlobalSection
	GlobalSection(ExtensibilityGlobals) = postSolution
		SolutionGuid = {4E84E64A-50B8-4C95-95B7-A5A8927958F5}
	EndGlobalSection
EndGlobal
